// !$*UTF8*$!
{
	archiveVersion = 1;
	classes = {
	};
	objectVersion = 50;
	objects = {

/* Begin PBXBuildFile section */
		63BE3BC2214532C40059BEC1 /* AppDelegate.swift in Sources */ = {isa = PBXBuildFile; fileRef = 63BE3BC1214532C40059BEC1 /* AppDelegate.swift */; };
		63BE3BC4214532C40059BEC1 /* ViewController.swift in Sources */ = {isa = PBXBuildFile; fileRef = 63BE3BC3214532C40059BEC1 /* ViewController.swift */; };
		63BE3BC7214532C40059BEC1 /* Main.storyboard in Resources */ = {isa = PBXBuildFile; fileRef = 63BE3BC5214532C40059BEC1 /* Main.storyboard */; };
		63BE3BC9214532C90059BEC1 /* Assets.xcassets in Resources */ = {isa = PBXBuildFile; fileRef = 63BE3BC8214532C90059BEC1 /* Assets.xcassets */; };
		63BE3BCC214532C90059BEC1 /* LaunchScreen.storyboard in Resources */ = {isa = PBXBuildFile; fileRef = 63BE3BCA214532C90059BEC1 /* LaunchScreen.storyboard */; };
		63BE3BD4214533190059BEC1 /* UIButton+Adjust.swift in Sources */ = {isa = PBXBuildFile; fileRef = 63BE3BD3214533190059BEC1 /* UIButton+Adjust.swift */; };
/* End PBXBuildFile section */

/* Begin PBXFileReference section */
		63BE3BBE214532C40059BEC1 /* 01-Simple-Factory.app */ = {isa = PBXFileReference; explicitFileType = wrapper.application; includeInIndex = 0; path = "01-Simple-Factory.app"; sourceTree = BUILT_PRODUCTS_DIR; };
		63BE3BC1214532C40059BEC1 /* AppDelegate.swift */ = {isa = PBXFileReference; lastKnownFileType = sourcecode.swift; path = AppDelegate.swift; sourceTree = "<group>"; };
		63BE3BC3214532C40059BEC1 /* ViewController.swift */ = {isa = PBXFileReference; lastKnownFileType = sourcecode.swift; path = ViewController.swift; sourceTree = "<group>"; };
		63BE3BC6214532C40059BEC1 /* Base */ = {isa = PBXFileReference; lastKnownFileType = file.storyboard; name = Base; path = Base.lproj/Main.storyboard; sourceTree = "<group>"; };
		63BE3BC8214532C90059BEC1 /* Assets.xcassets */ = {isa = PBXFileReference; lastKnownFileType = folder.assetcatalog; path = Assets.xcassets; sourceTree = "<group>"; };
		63BE3BCB214532C90059BEC1 /* Base */ = {isa = PBXFileReference; lastKnownFileType = file.storyboard; name = Base; path = Base.lproj/LaunchScreen.storyboard; sourceTree = "<group>"; };
		63BE3BCD214532C90059BEC1 /* Info.plist */ = {isa = PBXFileReference; lastKnownFileType = text.plist.xml; path = Info.plist; sourceTree = "<group>"; };
		63BE3BD3214533190059BEC1 /* UIButton+Adjust.swift */ = {isa = PBXFileReference; lastKnownFileType = sourcecode.swift; path = "UIButton+Adjust.swift"; sourceTree = "<group>"; };
/* End PBXFileReference section */

/* Begin PBXFrameworksBuildPhase section */
		63BE3BBB214532C40059BEC1 /* Frameworks */ = {
			isa = PBXFrameworksBuildPhase;
			buildActionMask = 2147483647;
			files = (
			);
			runOnlyForDeploymentPostprocessing = 0;
		};
/* End PBXFrameworksBuildPhase section */

/* Begin PBXGroup section */
		63BE3BB5214532C40059BEC1 = {
			isa = PBXGroup;
			children = (
				63BE3BC0214532C40059BEC1 /* 01-Simple-Factory */,
				63BE3BBF214532C40059BEC1 /* Products */,
			);
			sourceTree = "<group>";
		};
		63BE3BBF214532C40059BEC1 /* Products */ = {
			isa = PBXGroup;
			children = (
				63BE3BBE214532C40059BEC1 /* 01-Simple-Factory.app */,
			);
			name = Products;
			sourceTree = "<group>";
		};
		63BE3BC0214532C40059BEC1 /* 01-Simple-Factory */ = {
			isa = PBXGroup;
			children = (
				63BE3BC1214532C40059BEC1 /* AppDelegate.swift */,
				63BE3BC3214532C40059BEC1 /* ViewController.swift */,
				63BE3BD3214533190059BEC1 /* UIButton+Adjust.swift */,
				63BE3BC5214532C40059BEC1 /* Main.storyboard */,
				63BE3BC8214532C90059BEC1 /* Assets.xcassets */,
				63BE3BCA214532C90059BEC1 /* LaunchScreen.storyboard */,
				63BE3BCD214532C90059BEC1 /* Info.plist */,
			);
			path = "01-Simple-Factory";
			sourceTree = "<group>";
		};
/* End PBXGroup section */

/* Begin PBXNativeTarget section */
		63BE3BBD214532C40059BEC1 /* 01-Simple-Factory */ = {
			isa = PBXNativeTarget;
			buildConfigurationList = 63BE3BD0214532C90059BEC1 /* Build configuration list for PBXNativeTarget "01-Simple-Factory" */;
			buildPhases = (
				63BE3BBA214532C40059BEC1 /* Sources */,
				63BE3BBB214532C40059BEC1 /* Frameworks */,
				63BE3BBC214532C40059BEC1 /* Resources */,
			);
			buildRules = (
			);
			dependencies = (
			);
			name = "01-Simple-Factory";
			productName = "01-Simple-Factory";
			productReference = 63BE3BBE214532C40059BEC1 /* 01-Simple-Factory.app */;
			productType = "com.apple.product-type.application";
		};
/* End PBXNativeTarget section */

/* Begin PBXProject section */
		63BE3BB6214532C40059BEC1 /* Project object */ = {
			isa = PBXProject;
			attributes = {
				LastSwiftUpdateCheck = 0940;
				LastUpgradeCheck = 0940;
				ORGANIZATIONNAME = zhouke;
				TargetAttributes = {
					63BE3BBD214532C40059BEC1 = {
						CreatedOnToolsVersion = 9.4.1;
					};
				};
			};
			buildConfigurationList = 63BE3BB9214532C40059BEC1 /* Build configuration list for PBXProject "01-Simple-Factory" */;
			compatibilityVersion = "Xcode 9.3";
			developmentRegion = en;
			hasScannedForEncodings = 0;
			knownRegions = (
				en,
				Base,
			);
			mainGroup = 63BE3BB5214532C40059BEC1;
			productRefGroup = 63BE3BBF214532C40059BEC1 /* Products */;
			projectDirPath = "";
			projectRoot = "";
			targets = (
				63BE3BBD214532C40059BEC1 /* 01-Simple-Factory */,
			);
		};
/* End PBXProject section */

/* Begin PBXResourcesBuildPhase section */
		63BE3BBC214532C40059BEC1 /* Resources */ = {
			isa = PBXResourcesBuildPhase;
			buildActionMask = 2147483647;
			files = (
				63BE3BCC214532C90059BEC1 /* LaunchScreen.storyboard in Resources */,
				63BE3BC9214532C90059BEC1 /* Assets.xcassets in Resources */,
				63BE3BC7214532C40059BEC1 /* Main.storyboard in Resources */,
			);
			runOnlyForDeploymentPostprocessing = 0;
		};
/* End PBXResourcesBuildPhase section */

/* Begin PBXSourcesBuildPhase section */
		63BE3BBA214532C40059BEC1 /* Sources */ = {
			isa = PBXSourcesBuildPhase;
			buildActionMask = 2147483647;
			files = (
				63BE3BD4214533190059BEC1 /* UIButton+Adjust.swift in Sources */,
				63BE3BC4214532C40059BEC1 /* ViewController.swift in Sources */,
				63BE3BC2214532C40059BEC1 /* AppDelegate.swift in Sources */,
			);
			runOnlyForDeploymentPostprocessing = 0;
		};
/* End PBXSourcesBuildPhase section */

/* Begin PBXVariantGroup section */
		63BE3BC5214532C40059BEC1 /* Main.storyboard */ = {
			isa = PBXVariantGroup;
			children = (
				63BE3BC6214532C40059BEC1 /* Base */,
			);
			name = Main.storyboard;
			sourceTree = "<group>";
		};
		63BE3BCA214532C90059BEC1 /* LaunchScreen.storyboard */ = {
			isa = PBXVariantGroup;
			children = (
				63BE3BCB214532C90059BEC1 /* Base */,
			);
			name = LaunchScreen.storyboard;
			sourceTree = "<group>";
		};
/* End PBXVariantGroup section */

/* Begin XCBuildConfiguration section */
		63BE3BCE214532C90059BEC1 /* Debug */ = {
			isa = XCBuildConfiguration;
			buildSettings = {
				ALWAYS_SEARCH_USER_PATHS = NO;
				CLANG_ANALYZER_NONNULL = YES;
				CLANG_ANALYZER_NUMBER_OBJECT_CONVERSION = YES_AGGRESSIVE;
				CLANG_CXX_LANGUAGE_STANDARD = "gnu++14";
				CLANG_CXX_LIBRARY = "libc++";
				CLANG_ENABLE_MODULES = YES;
				CLANG_ENABLE_OBJC_ARC = YES;
				CLANG_ENABLE_OBJC_WEAK = YES;
				CLANG_WARN_BLOCK_CAPTURE_AUTORELEASING = YES;
				CLANG_WARN_BOOL_CONVERSION = YES;
				CLANG_WARN_COMMA = YES;
				CLANG_WARN_CONSTANT_CONVERSION = YES;
				CLANG_WARN_DEPRECATED_OBJC_IMPLEMENTATIONS = YES;
				CLANG_WARN_DIRECT_OBJC_ISA_USAGE = YES_ERROR;
				CLANG_WARN_DOCUMENTATION_COMMENTS = YES;
				CLANG_WARN_EMPTY_BODY = YES;
				CLANG_WARN_ENUM_CONVERSION = YES;
				CLANG_WARN_INFINITE_RECURSION = YES;
				CLANG_WARN_INT_CONVERSION = YES;
				CLANG_WARN_NON_LITERAL_NULL_CONVERSION = YES;
				CLANG_WARN_OBJC_IMPLICIT_RETAIN_SELF = YES;
				CLANG_WARN_OBJC_LITERAL_CONVERSION = YES;
				CLANG_WARN_OBJC_ROOT_CLASS = YES_ERROR;
				CLANG_WARN_RANGE_LOOP_ANALYSIS = YES;
				CLANG_WARN_STRICT_PROTOTYPES = YES;
				CLANG_WARN_SUSPICIOUS_MOVE = YES;
				CLANG_WARN_UNGUARDED_AVAILABILITY = YES_AGGRESSIVE;
				CLANG_WARN_UNREACHABLE_CODE = YES;
				CLANG_WARN__DUPLICATE_METHOD_MATCH = YES;
				CODE_SIGN_IDENTITY = "iPhone Developer";
				COPY_PHASE_STRIP = NO;
				DEBUG_INFORMATION_FORMAT = dwarf;
				ENABLE_STRICT_OBJC_MSGSEND = YES;
				ENABLE_TESTABILITY = YES;
				GCC_C_LANGUAGE_STANDARD = gnu11;
				GCC_DYNAMIC_NO_PIC = NO;
				GCC_NO_COMMON_BLOCKS = YES;
				GCC_OPTIMIZATION_LEVEL = 0;
				GCC_PREPROCESSOR_DEFINITIONS = (
					"DEBUG=1",
					"$(inherited)",
				);
				GCC_WARN_64_TO_32_BIT_CONVERSION = YES;
				GCC_WARN_ABOUT_RETURN_TYPE = YES_ERROR;
				GCC_WARN_UNDECLARED_SELECTOR = YES;
				GCC_WARN_UNINITIALIZED_AUTOS = YES_AGGRESSIVE;
				GCC_WARN_UNUSED_FUNCTION = YES;
				GCC_WARN_UNUSED_VARIABLE = YES;
				IPHONEOS_DEPLOYMENT_TARGET = 11.4;
				MTL_ENABLE_DEBUG_INFO = YES;
				ONLY_ACTIVE_ARCH = YES;
				SDKROOT = iphoneos;
				SWIFT_ACTIVE_COMPILATION_CONDITIONS = DEBUG;
				SWIFT_OPTIMIZATION_LEVEL = "-Onone";
			};
			name = Debug;
		};
		63BE3BCF214532C90059BEC1 /* Release */ = {
			isa = XCBuildConfiguration;
			buildSettings = {
				ALWAYS_SEARCH_USER_PATHS = NO;
				CLANG_ANALYZER_NONNULL = YES;
				CLANG_ANALYZER_NUMBER_OBJECT_CONVERSION = YES_AGGRESSIVE;
				CLANG_CXX_LANGUAGE_STANDARD = "gnu++14";
				CLANG_CXX_LIBRARY = "libc++";
				CLANG_ENABLE_MODULES = YES;
				CLANG_ENABLE_OBJC_ARC = YES;
				CLANG_ENABLE_OBJC_WEAK = YES;
				CLANG_WARN_BLOCK_CAPTURE_AUTORELEASING = YES;
				CLANG_WARN_BOOL_CONVERSION = YES;
				CLANG_WARN_COMMA = YES;
				CLANG_WARN_CONSTANT_CONVERSION = YES;
				CLANG_WARN_DEPRECATED_OBJC_IMPLEMENTATIONS = YES;
				CLANG_WARN_DIRECT_OBJC_ISA_USAGE = YES_ERROR;
				CLANG_WARN_DOCUMENTATION_COMMENTS = YES;
				CLANG_WARN_EMPTY_BODY = YES;
				CLANG_WARN_ENUM_CONVERSION = YES;
				CLANG_WARN_INFINITE_RECURSION = YES;
				CLANG_WARN_INT_CONVERSION = YES;
				CLANG_WARN_NON_LITERAL_NULL_CONVERSION = YES;
				CLANG_WARN_OBJC_IMPLICIT_RETAIN_SELF = YES;
				CLANG_WARN_OBJC_LITERAL_CONVERSION = YES;
				CLANG_WARN_OBJC_ROOT_CLASS = YES_ERROR;
				CLANG_WARN_RANGE_LOOP_ANALYSIS = YES;
				CLANG_WARN_STRICT_PROTOTYPES = YES;
				CLANG_WARN_SUSPICIOUS_MOVE = YES;
				CLANG_WARN_UNGUARDED_AVAILABILITY = YES_AGGRESSIVE;
				CLANG_WARN_UNREACHABLE_CODE = YES;
				CLANG_WARN__DUPLICATE_METHOD_MATCH = YES;
				CODE_SIGN_IDENTITY = "iPhone Developer";
				COPY_PHASE_STRIP = NO;
				DEBUG_INFORMATION_FORMAT = "dwarf-with-dsym";
				ENABLE_NS_ASSERTIONS = NO;
				ENABLE_STRICT_OBJC_MSGSEND = YES;
				GCC_C_LANGUAGE_STANDARD = gnu11;
				GCC_NO_COMMON_BLOCKS = YES;
				GCC_WARN_64_TO_32_BIT_CONVERSION = YES;
				GCC_WARN_ABOUT_RETURN_TYPE = YES_ERROR;
				GCC_WARN_UNDECLARED_SELECTOR = YES;
				GCC_WARN_UNINITIALIZED_AUTOS = YES_AGGRESSIVE;
				GCC_WARN_UNUSED_FUNCTION = YES;
				GCC_WARN_UNUSED_VARIABLE = YES;
				IPHONEOS_DEPLOYMENT_TARGET = 11.4;
				MTL_ENABLE_DEBUG_INFO = NO;
				SDKROOT = iphoneos;
				SWIFT_COMPILATION_MODE = wholemodule;
				SWIFT_OPTIMIZATION_LEVEL = "-O";
				VALIDATE_PRODUCT = YES;
			};
			name = Release;
		};
		63BE3BD1214532C90059BEC1 /* Debug */ = {
			isa = XCBuildConfiguration;
			buildSettings = {
				ASSETCATALOG_COMPILER_APPICON_NAME = AppIcon;
				CODE_SIGN_STYLE = Automatic;
				DEVELOPMENT_TEAM = 3MS487J3N7;
				INFOPLIST_FILE = "01-Simple-Factory/Info.plist";
				LD_RUNPATH_SEARCH_PATHS = (
					"$(inherited)",
					"@executable_path/Frameworks",
				);
				PRODUCT_BUNDLE_IDENTIFIER = "com.zhouke.-1-Simple-Factory";
				PRODUCT_NAME = "$(TARGET_NAME)";
				SWIFT_VERSION = 4.0;
				TARGETED_DEVICE_FAMILY = "1,2";
			};
			name = Debug;
		};
		63BE3BD2214532C90059BEC1 /* Release */ = {
			isa = XCBuildConfiguration;
			buildSettings = {
				ASSETCATALOG_COMPILER_APPICON_NAME = AppIcon;
				CODE_SIGN_STYLE = Automatic;
				DEVELOPMENT_TEAM = 3MS487J3N7;
				INFOPLIST_FILE = "01-Simple-Factory/Info.plist";
				LD_RUNPATH_SEARCH_PATHS = (
					"$(inherited)",
					"@executable_path/Frameworks",
				);
				PRODUCT_BUNDLE_IDENTIFIER = "com.zhouke.-1-Simple-Factory";
				PRODUCT_NAME = "$(TARGET_NAME)";
				SWIFT_VERSION = 4.0;
				TARGETED_DEVICE_FAMILY = "1,2";
			};
			name = Release;
		};
/* End XCBuildConfiguration section */

/* Begin XCConfigurationList section */
		63BE3BB9214532C40059BEC1 /* Build configuration list for PBXProject "01-Simple-Factory" */ = {
			isa = XCConfigurationList;
			buildConfigurations = (
				63BE3BCE214532C90059BEC1 /* Debug */,
				63BE3BCF214532C90059BEC1 /* Release */,
			);
			defaultConfigurationIsVisible = 0;
			defaultConfigurationName = Release;
		};
		63BE3BD0214532C90059BEC1 /* Build configuration list for PBXNativeTarget "01-Simple-Factory" */ = {
			isa = XCConfigurationList;
			buildConfigurations = (
				63BE3BD1214532C90059BEC1 /* Debug */,
				63BE3BD2214532C90059BEC1 /* Release */,
			);
			defaultConfigurationIsVisible = 0;
			defaultConfigurationName = Release;
		};
/* End XCConfigurationList section */
	};
	rootObject = 63BE3BB6214532C40059BEC1 /* Project object */;
}
