// !$*UTF8*$!
{
	archiveVersion = 1;
	classes = {
	};
	objectVersion = 50;
	objects = {

/* Begin PBXBuildFile section */
		637B613A218C14BF00C05CBD /* AppDelegate.swift in Sources */ = {isa = PBXBuildFile; fileRef = 637B6139218C14BF00C05CBD /* AppDelegate.swift */; };
		637B613C218C14BF00C05CBD /* ViewController.swift in Sources */ = {isa = PBXBuildFile; fileRef = 637B613B218C14BF00C05CBD /* ViewController.swift */; };
		637B613F218C14BF00C05CBD /* Main.storyboard in Resources */ = {isa = PBXBuildFile; fileRef = 637B613D218C14BF00C05CBD /* Main.storyboard */; };
		637B6141218C14C000C05CBD /* Assets.xcassets in Resources */ = {isa = PBXBuildFile; fileRef = 637B6140218C14C000C05CBD /* Assets.xcassets */; };
		637B6144218C14C000C05CBD /* LaunchScreen.storyboard in Resources */ = {isa = PBXBuildFile; fileRef = 637B6142218C14C000C05CBD /* LaunchScreen.storyboard */; };
		637B614C218C14F600C05CBD /* Context.swift in Sources */ = {isa = PBXBuildFile; fileRef = 637B614B218C14F600C05CBD /* Context.swift */; };
		637B614E218C150D00C05CBD /* Strategy.swift in Sources */ = {isa = PBXBuildFile; fileRef = 637B614D218C150D00C05CBD /* Strategy.swift */; };
/* End PBXBuildFile section */

/* Begin PBXFileReference section */
		637B6136218C14BF00C05CBD /* 08-Strategy.app */ = {isa = PBXFileReference; explicitFileType = wrapper.application; includeInIndex = 0; path = "08-Strategy.app"; sourceTree = BUILT_PRODUCTS_DIR; };
		637B6139218C14BF00C05CBD /* AppDelegate.swift */ = {isa = PBXFileReference; lastKnownFileType = sourcecode.swift; path = AppDelegate.swift; sourceTree = "<group>"; };
		637B613B218C14BF00C05CBD /* ViewController.swift */ = {isa = PBXFileReference; lastKnownFileType = sourcecode.swift; path = ViewController.swift; sourceTree = "<group>"; };
		637B613E218C14BF00C05CBD /* Base */ = {isa = PBXFileReference; lastKnownFileType = file.storyboard; name = Base; path = Base.lproj/Main.storyboard; sourceTree = "<group>"; };
		637B6140218C14C000C05CBD /* Assets.xcassets */ = {isa = PBXFileReference; lastKnownFileType = folder.assetcatalog; path = Assets.xcassets; sourceTree = "<group>"; };
		637B6143218C14C000C05CBD /* Base */ = {isa = PBXFileReference; lastKnownFileType = file.storyboard; name = Base; path = Base.lproj/LaunchScreen.storyboard; sourceTree = "<group>"; };
		637B6145218C14C100C05CBD /* Info.plist */ = {isa = PBXFileReference; lastKnownFileType = text.plist.xml; path = Info.plist; sourceTree = "<group>"; };
		637B614B218C14F600C05CBD /* Context.swift */ = {isa = PBXFileReference; lastKnownFileType = sourcecode.swift; path = Context.swift; sourceTree = "<group>"; };
		637B614D218C150D00C05CBD /* Strategy.swift */ = {isa = PBXFileReference; lastKnownFileType = sourcecode.swift; path = Strategy.swift; sourceTree = "<group>"; };
/* End PBXFileReference section */

/* Begin PBXFrameworksBuildPhase section */
		637B6133218C14BF00C05CBD /* Frameworks */ = {
			isa = PBXFrameworksBuildPhase;
			buildActionMask = 2147483647;
			files = (
			);
			runOnlyForDeploymentPostprocessing = 0;
		};
/* End PBXFrameworksBuildPhase section */

/* Begin PBXGroup section */
		637B612D218C14BF00C05CBD = {
			isa = PBXGroup;
			children = (
				637B6138218C14BF00C05CBD /* 08-Strategy */,
				637B6137218C14BF00C05CBD /* Products */,
			);
			sourceTree = "<group>";
		};
		637B6137218C14BF00C05CBD /* Products */ = {
			isa = PBXGroup;
			children = (
				637B6136218C14BF00C05CBD /* 08-Strategy.app */,
			);
			name = Products;
			sourceTree = "<group>";
		};
		637B6138218C14BF00C05CBD /* 08-Strategy */ = {
			isa = PBXGroup;
			children = (
				637B6139218C14BF00C05CBD /* AppDelegate.swift */,
				637B613B218C14BF00C05CBD /* ViewController.swift */,
				637B614B218C14F600C05CBD /* Context.swift */,
				637B614D218C150D00C05CBD /* Strategy.swift */,
				637B613D218C14BF00C05CBD /* Main.storyboard */,
				637B6140218C14C000C05CBD /* Assets.xcassets */,
				637B6142218C14C000C05CBD /* LaunchScreen.storyboard */,
				637B6145218C14C100C05CBD /* Info.plist */,
			);
			path = "08-Strategy";
			sourceTree = "<group>";
		};
/* End PBXGroup section */

/* Begin PBXNativeTarget section */
		637B6135218C14BF00C05CBD /* 08-Strategy */ = {
			isa = PBXNativeTarget;
			buildConfigurationList = 637B6148218C14C100C05CBD /* Build configuration list for PBXNativeTarget "08-Strategy" */;
			buildPhases = (
				637B6132218C14BF00C05CBD /* Sources */,
				637B6133218C14BF00C05CBD /* Frameworks */,
				637B6134218C14BF00C05CBD /* Resources */,
			);
			buildRules = (
			);
			dependencies = (
			);
			name = "08-Strategy";
			productName = "08-Strategy";
			productReference = 637B6136218C14BF00C05CBD /* 08-Strategy.app */;
			productType = "com.apple.product-type.application";
		};
/* End PBXNativeTarget section */

/* Begin PBXProject section */
		637B612E218C14BF00C05CBD /* Project object */ = {
			isa = PBXProject;
			attributes = {
				LastSwiftUpdateCheck = 1010;
				LastUpgradeCheck = 1010;
				ORGANIZATIONNAME = zhouke;
				TargetAttributes = {
					637B6135218C14BF00C05CBD = {
						CreatedOnToolsVersion = 10.1;
					};
				};
			};
			buildConfigurationList = 637B6131218C14BF00C05CBD /* Build configuration list for PBXProject "08-Strategy" */;
			compatibilityVersion = "Xcode 9.3";
			developmentRegion = en;
			hasScannedForEncodings = 0;
			knownRegions = (
				en,
				Base,
			);
			mainGroup = 637B612D218C14BF00C05CBD;
			productRefGroup = 637B6137218C14BF00C05CBD /* Products */;
			projectDirPath = "";
			projectRoot = "";
			targets = (
				637B6135218C14BF00C05CBD /* 08-Strategy */,
			);
		};
/* End PBXProject section */

/* Begin PBXResourcesBuildPhase section */
		637B6134218C14BF00C05CBD /* Resources */ = {
			isa = PBXResourcesBuildPhase;
			buildActionMask = 2147483647;
			files = (
				637B6144218C14C000C05CBD /* LaunchScreen.storyboard in Resources */,
				637B6141218C14C000C05CBD /* Assets.xcassets in Resources */,
				637B613F218C14BF00C05CBD /* Main.storyboard in Resources */,
			);
			runOnlyForDeploymentPostprocessing = 0;
		};
/* End PBXResourcesBuildPhase section */

/* Begin PBXSourcesBuildPhase section */
		637B6132218C14BF00C05CBD /* Sources */ = {
			isa = PBXSourcesBuildPhase;
			buildActionMask = 2147483647;
			files = (
				637B614E218C150D00C05CBD /* Strategy.swift in Sources */,
				637B614C218C14F600C05CBD /* Context.swift in Sources */,
				637B613C218C14BF00C05CBD /* ViewController.swift in Sources */,
				637B613A218C14BF00C05CBD /* AppDelegate.swift in Sources */,
			);
			runOnlyForDeploymentPostprocessing = 0;
		};
/* End PBXSourcesBuildPhase section */

/* Begin PBXVariantGroup section */
		637B613D218C14BF00C05CBD /* Main.storyboard */ = {
			isa = PBXVariantGroup;
			children = (
				637B613E218C14BF00C05CBD /* Base */,
			);
			name = Main.storyboard;
			sourceTree = "<group>";
		};
		637B6142218C14C000C05CBD /* LaunchScreen.storyboard */ = {
			isa = PBXVariantGroup;
			children = (
				637B6143218C14C000C05CBD /* Base */,
			);
			name = LaunchScreen.storyboard;
			sourceTree = "<group>";
		};
/* End PBXVariantGroup section */

/* Begin XCBuildConfiguration section */
		637B6146218C14C100C05CBD /* Debug */ = {
			isa = XCBuildConfiguration;
			buildSettings = {
				ALWAYS_SEARCH_USER_PATHS = NO;
				CLANG_ANALYZER_NONNULL = YES;
				CLANG_ANALYZER_NUMBER_OBJECT_CONVERSION = YES_AGGRESSIVE;
				CLANG_CXX_LANGUAGE_STANDARD = "gnu++14";
				CLANG_CXX_LIBRARY = "libc++";
				CLANG_ENABLE_MODULES = YES;
				CLANG_ENABLE_OBJC_ARC = YES;
				CLANG_ENABLE_OBJC_WEAK = YES;
				CLANG_WARN_BLOCK_CAPTURE_AUTORELEASING = YES;
				CLANG_WARN_BOOL_CONVERSION = YES;
				CLANG_WARN_COMMA = YES;
				CLANG_WARN_CONSTANT_CONVERSION = YES;
				CLANG_WARN_DEPRECATED_OBJC_IMPLEMENTATIONS = YES;
				CLANG_WARN_DIRECT_OBJC_ISA_USAGE = YES_ERROR;
				CLANG_WARN_DOCUMENTATION_COMMENTS = YES;
				CLANG_WARN_EMPTY_BODY = YES;
				CLANG_WARN_ENUM_CONVERSION = YES;
				CLANG_WARN_INFINITE_RECURSION = YES;
				CLANG_WARN_INT_CONVERSION = YES;
				CLANG_WARN_NON_LITERAL_NULL_CONVERSION = YES;
				CLANG_WARN_OBJC_IMPLICIT_RETAIN_SELF = YES;
				CLANG_WARN_OBJC_LITERAL_CONVERSION = YES;
				CLANG_WARN_OBJC_ROOT_CLASS = YES_ERROR;
				CLANG_WARN_RANGE_LOOP_ANALYSIS = YES;
				CLANG_WARN_STRICT_PROTOTYPES = YES;
				CLANG_WARN_SUSPICIOUS_MOVE = YES;
				CLANG_WARN_UNGUARDED_AVAILABILITY = YES_AGGRESSIVE;
				CLANG_WARN_UNREACHABLE_CODE = YES;
				CLANG_WARN__DUPLICATE_METHOD_MATCH = YES;
				CODE_SIGN_IDENTITY = "iPhone Developer";
				COPY_PHASE_STRIP = NO;
				DEBUG_INFORMATION_FORMAT = dwarf;
				ENABLE_STRICT_OBJC_MSGSEND = YES;
				ENABLE_TESTABILITY = YES;
				GCC_C_LANGUAGE_STANDARD = gnu11;
				GCC_DYNAMIC_NO_PIC = NO;
				GCC_NO_COMMON_BLOCKS = YES;
				GCC_OPTIMIZATION_LEVEL = 0;
				GCC_PREPROCESSOR_DEFINITIONS = (
					"DEBUG=1",
					"$(inherited)",
				);
				GCC_WARN_64_TO_32_BIT_CONVERSION = YES;
				GCC_WARN_ABOUT_RETURN_TYPE = YES_ERROR;
				GCC_WARN_UNDECLARED_SELECTOR = YES;
				GCC_WARN_UNINITIALIZED_AUTOS = YES_AGGRESSIVE;
				GCC_WARN_UNUSED_FUNCTION = YES;
				GCC_WARN_UNUSED_VARIABLE = YES;
				IPHONEOS_DEPLOYMENT_TARGET = 12.1;
				MTL_ENABLE_DEBUG_INFO = INCLUDE_SOURCE;
				MTL_FAST_MATH = YES;
				ONLY_ACTIVE_ARCH = YES;
				SDKROOT = iphoneos;
				SWIFT_ACTIVE_COMPILATION_CONDITIONS = DEBUG;
				SWIFT_OPTIMIZATION_LEVEL = "-Onone";
			};
			name = Debug;
		};
		637B6147218C14C100C05CBD /* Release */ = {
			isa = XCBuildConfiguration;
			buildSettings = {
				ALWAYS_SEARCH_USER_PATHS = NO;
				CLANG_ANALYZER_NONNULL = YES;
				CLANG_ANALYZER_NUMBER_OBJECT_CONVERSION = YES_AGGRESSIVE;
				CLANG_CXX_LANGUAGE_STANDARD = "gnu++14";
				CLANG_CXX_LIBRARY = "libc++";
				CLANG_ENABLE_MODULES = YES;
				CLANG_ENABLE_OBJC_ARC = YES;
				CLANG_ENABLE_OBJC_WEAK = YES;
				CLANG_WARN_BLOCK_CAPTURE_AUTORELEASING = YES;
				CLANG_WARN_BOOL_CONVERSION = YES;
				CLANG_WARN_COMMA = YES;
				CLANG_WARN_CONSTANT_CONVERSION = YES;
				CLANG_WARN_DEPRECATED_OBJC_IMPLEMENTATIONS = YES;
				CLANG_WARN_DIRECT_OBJC_ISA_USAGE = YES_ERROR;
				CLANG_WARN_DOCUMENTATION_COMMENTS = YES;
				CLANG_WARN_EMPTY_BODY = YES;
				CLANG_WARN_ENUM_CONVERSION = YES;
				CLANG_WARN_INFINITE_RECURSION = YES;
				CLANG_WARN_INT_CONVERSION = YES;
				CLANG_WARN_NON_LITERAL_NULL_CONVERSION = YES;
				CLANG_WARN_OBJC_IMPLICIT_RETAIN_SELF = YES;
				CLANG_WARN_OBJC_LITERAL_CONVERSION = YES;
				CLANG_WARN_OBJC_ROOT_CLASS = YES_ERROR;
				CLANG_WARN_RANGE_LOOP_ANALYSIS = YES;
				CLANG_WARN_STRICT_PROTOTYPES = YES;
				CLANG_WARN_SUSPICIOUS_MOVE = YES;
				CLANG_WARN_UNGUARDED_AVAILABILITY = YES_AGGRESSIVE;
				CLANG_WARN_UNREACHABLE_CODE = YES;
				CLANG_WARN__DUPLICATE_METHOD_MATCH = YES;
				CODE_SIGN_IDENTITY = "iPhone Developer";
				COPY_PHASE_STRIP = NO;
				DEBUG_INFORMATION_FORMAT = "dwarf-with-dsym";
				ENABLE_NS_ASSERTIONS = NO;
				ENABLE_STRICT_OBJC_MSGSEND = YES;
				GCC_C_LANGUAGE_STANDARD = gnu11;
				GCC_NO_COMMON_BLOCKS = YES;
				GCC_WARN_64_TO_32_BIT_CONVERSION = YES;
				GCC_WARN_ABOUT_RETURN_TYPE = YES_ERROR;
				GCC_WARN_UNDECLARED_SELECTOR = YES;
				GCC_WARN_UNINITIALIZED_AUTOS = YES_AGGRESSIVE;
				GCC_WARN_UNUSED_FUNCTION = YES;
				GCC_WARN_UNUSED_VARIABLE = YES;
				IPHONEOS_DEPLOYMENT_TARGET = 12.1;
				MTL_ENABLE_DEBUG_INFO = NO;
				MTL_FAST_MATH = YES;
				SDKROOT = iphoneos;
				SWIFT_COMPILATION_MODE = wholemodule;
				SWIFT_OPTIMIZATION_LEVEL = "-O";
				VALIDATE_PRODUCT = YES;
			};
			name = Release;
		};
		637B6149218C14C100C05CBD /* Debug */ = {
			isa = XCBuildConfiguration;
			buildSettings = {
				ASSETCATALOG_COMPILER_APPICON_NAME = AppIcon;
				CODE_SIGN_STYLE = Automatic;
				DEVELOPMENT_TEAM = 7S7X7B8PE5;
				INFOPLIST_FILE = "08-Strategy/Info.plist";
				LD_RUNPATH_SEARCH_PATHS = (
					"$(inherited)",
					"@executable_path/Frameworks",
				);
				PRODUCT_BUNDLE_IDENTIFIER = "zk.-8-Strategy";
				PRODUCT_NAME = "$(TARGET_NAME)";
				SWIFT_VERSION = 4.2;
				TARGETED_DEVICE_FAMILY = "1,2";
			};
			name = Debug;
		};
		637B614A218C14C100C05CBD /* Release */ = {
			isa = XCBuildConfiguration;
			buildSettings = {
				ASSETCATALOG_COMPILER_APPICON_NAME = AppIcon;
				CODE_SIGN_STYLE = Automatic;
				DEVELOPMENT_TEAM = 7S7X7B8PE5;
				INFOPLIST_FILE = "08-Strategy/Info.plist";
				LD_RUNPATH_SEARCH_PATHS = (
					"$(inherited)",
					"@executable_path/Frameworks",
				);
				PRODUCT_BUNDLE_IDENTIFIER = "zk.-8-Strategy";
				PRODUCT_NAME = "$(TARGET_NAME)";
				SWIFT_VERSION = 4.2;
				TARGETED_DEVICE_FAMILY = "1,2";
			};
			name = Release;
		};
/* End XCBuildConfiguration section */

/* Begin XCConfigurationList section */
		637B6131218C14BF00C05CBD /* Build configuration list for PBXProject "08-Strategy" */ = {
			isa = XCConfigurationList;
			buildConfigurations = (
				637B6146218C14C100C05CBD /* Debug */,
				637B6147218C14C100C05CBD /* Release */,
			);
			defaultConfigurationIsVisible = 0;
			defaultConfigurationName = Release;
		};
		637B6148218C14C100C05CBD /* Build configuration list for PBXNativeTarget "08-Strategy" */ = {
			isa = XCConfigurationList;
			buildConfigurations = (
				637B6149218C14C100C05CBD /* Debug */,
				637B614A218C14C100C05CBD /* Release */,
			);
			defaultConfigurationIsVisible = 0;
			defaultConfigurationName = Release;
		};
/* End XCConfigurationList section */
	};
	rootObject = 637B612E218C14BF00C05CBD /* Project object */;
}
