// !$*UTF8*$!
{
	archiveVersion = 1;
	classes = {
	};
	objectVersion = 50;
	objects = {

/* Begin PBXBuildFile section */
		635975B520EA63B500772C86 /* main.swift in Sources */ = {isa = PBXBuildFile; fileRef = 635975B420EA63B500772C86 /* main.swift */; };
		635975BC20EA644D00772C86 /* Command.swift in Sources */ = {isa = PBXBuildFile; fileRef = 635975BB20EA644D00772C86 /* Command.swift */; };
		635975BE20EA64CC00772C86 /* Light.swift in Sources */ = {isa = PBXBuildFile; fileRef = 635975BD20EA64CC00772C86 /* Light.swift */; };
		635975C020EA651A00772C86 /* LightOnCommand.swift in Sources */ = {isa = PBXBuildFile; fileRef = 635975BF20EA651A00772C86 /* LightOnCommand.swift */; };
		635975C420EA685400772C86 /* GarageDoor.swift in Sources */ = {isa = PBXBuildFile; fileRef = 635975C320EA685400772C86 /* GarageDoor.swift */; };
		635975C820EA6D8300772C86 /* RemoteControl.swift in Sources */ = {isa = PBXBuildFile; fileRef = 635975C720EA6D8300772C86 /* RemoteControl.swift */; };
		635975CA20EA6E5F00772C86 /* NoCommand.swift in Sources */ = {isa = PBXBuildFile; fileRef = 635975C920EA6E5F00772C86 /* NoCommand.swift */; };
		635975CE20EBABBB00772C86 /* LightOffCommand.swift in Sources */ = {isa = PBXBuildFile; fileRef = 635975CD20EBABBB00772C86 /* LightOffCommand.swift */; };
		635975D020EBAC2000772C86 /* Stereo.swift in Sources */ = {isa = PBXBuildFile; fileRef = 635975CF20EBAC2000772C86 /* Stereo.swift */; };
		635975D220EBAC9A00772C86 /* StereoOnWithCDCommand.swift in Sources */ = {isa = PBXBuildFile; fileRef = 635975D120EBAC9A00772C86 /* StereoOnWithCDCommand.swift */; };
		635975D420EBADD000772C86 /* Appliance.swift in Sources */ = {isa = PBXBuildFile; fileRef = 635975D320EBADD000772C86 /* Appliance.swift */; };
		635975D620EBAF1A00772C86 /* GarageDoorUpCommand.swift in Sources */ = {isa = PBXBuildFile; fileRef = 635975D520EBAF1A00772C86 /* GarageDoorUpCommand.swift */; };
		635975D820EBAF9100772C86 /* GarageDoorDownCommand.swift in Sources */ = {isa = PBXBuildFile; fileRef = 635975D720EBAF9100772C86 /* GarageDoorDownCommand.swift */; };
		635975DA20EBB00D00772C86 /* StereOffCommand.swift in Sources */ = {isa = PBXBuildFile; fileRef = 635975D920EBB00D00772C86 /* StereOffCommand.swift */; };
/* End PBXBuildFile section */

/* Begin PBXCopyFilesBuildPhase section */
		635975AF20EA63B500772C86 /* CopyFiles */ = {
			isa = PBXCopyFilesBuildPhase;
			buildActionMask = 2147483647;
			dstPath = /usr/share/man/man1/;
			dstSubfolderSpec = 0;
			files = (
			);
			runOnlyForDeploymentPostprocessing = 1;
		};
/* End PBXCopyFilesBuildPhase section */

/* Begin PBXFileReference section */
		635975B120EA63B500772C86 /* 01-Command */ = {isa = PBXFileReference; explicitFileType = "compiled.mach-o.executable"; includeInIndex = 0; path = "01-Command"; sourceTree = BUILT_PRODUCTS_DIR; };
		635975B420EA63B500772C86 /* main.swift */ = {isa = PBXFileReference; lastKnownFileType = sourcecode.swift; path = main.swift; sourceTree = "<group>"; };
		635975BB20EA644D00772C86 /* Command.swift */ = {isa = PBXFileReference; lastKnownFileType = sourcecode.swift; path = Command.swift; sourceTree = "<group>"; };
		635975BD20EA64CC00772C86 /* Light.swift */ = {isa = PBXFileReference; lastKnownFileType = sourcecode.swift; path = Light.swift; sourceTree = "<group>"; };
		635975BF20EA651A00772C86 /* LightOnCommand.swift */ = {isa = PBXFileReference; lastKnownFileType = sourcecode.swift; path = LightOnCommand.swift; sourceTree = "<group>"; };
		635975C320EA685400772C86 /* GarageDoor.swift */ = {isa = PBXFileReference; lastKnownFileType = sourcecode.swift; path = GarageDoor.swift; sourceTree = "<group>"; };
		635975C720EA6D8300772C86 /* RemoteControl.swift */ = {isa = PBXFileReference; lastKnownFileType = sourcecode.swift; path = RemoteControl.swift; sourceTree = "<group>"; };
		635975C920EA6E5F00772C86 /* NoCommand.swift */ = {isa = PBXFileReference; lastKnownFileType = sourcecode.swift; path = NoCommand.swift; sourceTree = "<group>"; };
		635975CD20EBABBB00772C86 /* LightOffCommand.swift */ = {isa = PBXFileReference; lastKnownFileType = sourcecode.swift; path = LightOffCommand.swift; sourceTree = "<group>"; };
		635975CF20EBAC2000772C86 /* Stereo.swift */ = {isa = PBXFileReference; lastKnownFileType = sourcecode.swift; path = Stereo.swift; sourceTree = "<group>"; };
		635975D120EBAC9A00772C86 /* StereoOnWithCDCommand.swift */ = {isa = PBXFileReference; lastKnownFileType = sourcecode.swift; path = StereoOnWithCDCommand.swift; sourceTree = "<group>"; };
		635975D320EBADD000772C86 /* Appliance.swift */ = {isa = PBXFileReference; lastKnownFileType = sourcecode.swift; path = Appliance.swift; sourceTree = "<group>"; };
		635975D520EBAF1A00772C86 /* GarageDoorUpCommand.swift */ = {isa = PBXFileReference; lastKnownFileType = sourcecode.swift; path = GarageDoorUpCommand.swift; sourceTree = "<group>"; };
		635975D720EBAF9100772C86 /* GarageDoorDownCommand.swift */ = {isa = PBXFileReference; lastKnownFileType = sourcecode.swift; path = GarageDoorDownCommand.swift; sourceTree = "<group>"; };
		635975D920EBB00D00772C86 /* StereOffCommand.swift */ = {isa = PBXFileReference; lastKnownFileType = sourcecode.swift; path = StereOffCommand.swift; sourceTree = "<group>"; };
/* End PBXFileReference section */

/* Begin PBXFrameworksBuildPhase section */
		635975AE20EA63B500772C86 /* Frameworks */ = {
			isa = PBXFrameworksBuildPhase;
			buildActionMask = 2147483647;
			files = (
			);
			runOnlyForDeploymentPostprocessing = 0;
		};
/* End PBXFrameworksBuildPhase section */

/* Begin PBXGroup section */
		635975A820EA63B500772C86 = {
			isa = PBXGroup;
			children = (
				635975B320EA63B500772C86 /* 01-Command */,
				635975B220EA63B500772C86 /* Products */,
			);
			sourceTree = "<group>";
		};
		635975B220EA63B500772C86 /* Products */ = {
			isa = PBXGroup;
			children = (
				635975B120EA63B500772C86 /* 01-Command */,
			);
			name = Products;
			sourceTree = "<group>";
		};
		635975B320EA63B500772C86 /* 01-Command */ = {
			isa = PBXGroup;
			children = (
				635975B420EA63B500772C86 /* main.swift */,
				635975BB20EA644D00772C86 /* Command.swift */,
				635975D320EBADD000772C86 /* Appliance.swift */,
				635975BD20EA64CC00772C86 /* Light.swift */,
				635975BF20EA651A00772C86 /* LightOnCommand.swift */,
				635975CD20EBABBB00772C86 /* LightOffCommand.swift */,
				635975C320EA685400772C86 /* GarageDoor.swift */,
				635975D520EBAF1A00772C86 /* GarageDoorUpCommand.swift */,
				635975D720EBAF9100772C86 /* GarageDoorDownCommand.swift */,
				635975CF20EBAC2000772C86 /* Stereo.swift */,
				635975D120EBAC9A00772C86 /* StereoOnWithCDCommand.swift */,
				635975D920EBB00D00772C86 /* StereOffCommand.swift */,
				635975C920EA6E5F00772C86 /* NoCommand.swift */,
				635975C720EA6D8300772C86 /* RemoteControl.swift */,
			);
			path = "01-Command";
			sourceTree = "<group>";
		};
/* End PBXGroup section */

/* Begin PBXNativeTarget section */
		635975B020EA63B500772C86 /* 01-Command */ = {
			isa = PBXNativeTarget;
			buildConfigurationList = 635975B820EA63B500772C86 /* Build configuration list for PBXNativeTarget "01-Command" */;
			buildPhases = (
				635975AD20EA63B500772C86 /* Sources */,
				635975AE20EA63B500772C86 /* Frameworks */,
				635975AF20EA63B500772C86 /* CopyFiles */,
			);
			buildRules = (
			);
			dependencies = (
			);
			name = "01-Command";
			productName = "01-Command";
			productReference = 635975B120EA63B500772C86 /* 01-Command */;
			productType = "com.apple.product-type.tool";
		};
/* End PBXNativeTarget section */

/* Begin PBXProject section */
		635975A920EA63B500772C86 /* Project object */ = {
			isa = PBXProject;
			attributes = {
				LastSwiftUpdateCheck = 0940;
				LastUpgradeCheck = 0940;
				ORGANIZATIONNAME = zhouke;
				TargetAttributes = {
					635975B020EA63B500772C86 = {
						CreatedOnToolsVersion = 9.4.1;
					};
				};
			};
			buildConfigurationList = 635975AC20EA63B500772C86 /* Build configuration list for PBXProject "01-Command" */;
			compatibilityVersion = "Xcode 9.3";
			developmentRegion = en;
			hasScannedForEncodings = 0;
			knownRegions = (
				en,
			);
			mainGroup = 635975A820EA63B500772C86;
			productRefGroup = 635975B220EA63B500772C86 /* Products */;
			projectDirPath = "";
			projectRoot = "";
			targets = (
				635975B020EA63B500772C86 /* 01-Command */,
			);
		};
/* End PBXProject section */

/* Begin PBXSourcesBuildPhase section */
		635975AD20EA63B500772C86 /* Sources */ = {
			isa = PBXSourcesBuildPhase;
			buildActionMask = 2147483647;
			files = (
				635975CE20EBABBB00772C86 /* LightOffCommand.swift in Sources */,
				635975D020EBAC2000772C86 /* Stereo.swift in Sources */,
				635975D220EBAC9A00772C86 /* StereoOnWithCDCommand.swift in Sources */,
				635975BE20EA64CC00772C86 /* Light.swift in Sources */,
				635975C820EA6D8300772C86 /* RemoteControl.swift in Sources */,
				635975C420EA685400772C86 /* GarageDoor.swift in Sources */,
				635975B520EA63B500772C86 /* main.swift in Sources */,
				635975D620EBAF1A00772C86 /* GarageDoorUpCommand.swift in Sources */,
				635975BC20EA644D00772C86 /* Command.swift in Sources */,
				635975CA20EA6E5F00772C86 /* NoCommand.swift in Sources */,
				635975D820EBAF9100772C86 /* GarageDoorDownCommand.swift in Sources */,
				635975DA20EBB00D00772C86 /* StereOffCommand.swift in Sources */,
				635975C020EA651A00772C86 /* LightOnCommand.swift in Sources */,
				635975D420EBADD000772C86 /* Appliance.swift in Sources */,
			);
			runOnlyForDeploymentPostprocessing = 0;
		};
/* End PBXSourcesBuildPhase section */

/* Begin XCBuildConfiguration section */
		635975B620EA63B500772C86 /* Debug */ = {
			isa = XCBuildConfiguration;
			buildSettings = {
				ALWAYS_SEARCH_USER_PATHS = NO;
				CLANG_ANALYZER_NONNULL = YES;
				CLANG_ANALYZER_NUMBER_OBJECT_CONVERSION = YES_AGGRESSIVE;
				CLANG_CXX_LANGUAGE_STANDARD = "gnu++14";
				CLANG_CXX_LIBRARY = "libc++";
				CLANG_ENABLE_MODULES = YES;
				CLANG_ENABLE_OBJC_ARC = YES;
				CLANG_ENABLE_OBJC_WEAK = YES;
				CLANG_WARN_BLOCK_CAPTURE_AUTORELEASING = YES;
				CLANG_WARN_BOOL_CONVERSION = YES;
				CLANG_WARN_COMMA = YES;
				CLANG_WARN_CONSTANT_CONVERSION = YES;
				CLANG_WARN_DEPRECATED_OBJC_IMPLEMENTATIONS = YES;
				CLANG_WARN_DIRECT_OBJC_ISA_USAGE = YES_ERROR;
				CLANG_WARN_DOCUMENTATION_COMMENTS = YES;
				CLANG_WARN_EMPTY_BODY = YES;
				CLANG_WARN_ENUM_CONVERSION = YES;
				CLANG_WARN_INFINITE_RECURSION = YES;
				CLANG_WARN_INT_CONVERSION = YES;
				CLANG_WARN_NON_LITERAL_NULL_CONVERSION = YES;
				CLANG_WARN_OBJC_IMPLICIT_RETAIN_SELF = YES;
				CLANG_WARN_OBJC_LITERAL_CONVERSION = YES;
				CLANG_WARN_OBJC_ROOT_CLASS = YES_ERROR;
				CLANG_WARN_RANGE_LOOP_ANALYSIS = YES;
				CLANG_WARN_STRICT_PROTOTYPES = YES;
				CLANG_WARN_SUSPICIOUS_MOVE = YES;
				CLANG_WARN_UNGUARDED_AVAILABILITY = YES_AGGRESSIVE;
				CLANG_WARN_UNREACHABLE_CODE = YES;
				CLANG_WARN__DUPLICATE_METHOD_MATCH = YES;
				CODE_SIGN_IDENTITY = "-";
				COPY_PHASE_STRIP = NO;
				DEBUG_INFORMATION_FORMAT = dwarf;
				ENABLE_STRICT_OBJC_MSGSEND = YES;
				ENABLE_TESTABILITY = YES;
				GCC_C_LANGUAGE_STANDARD = gnu11;
				GCC_DYNAMIC_NO_PIC = NO;
				GCC_NO_COMMON_BLOCKS = YES;
				GCC_OPTIMIZATION_LEVEL = 0;
				GCC_PREPROCESSOR_DEFINITIONS = (
					"DEBUG=1",
					"$(inherited)",
				);
				GCC_WARN_64_TO_32_BIT_CONVERSION = YES;
				GCC_WARN_ABOUT_RETURN_TYPE = YES_ERROR;
				GCC_WARN_UNDECLARED_SELECTOR = YES;
				GCC_WARN_UNINITIALIZED_AUTOS = YES_AGGRESSIVE;
				GCC_WARN_UNUSED_FUNCTION = YES;
				GCC_WARN_UNUSED_VARIABLE = YES;
				MACOSX_DEPLOYMENT_TARGET = 10.13;
				MTL_ENABLE_DEBUG_INFO = YES;
				ONLY_ACTIVE_ARCH = YES;
				SDKROOT = macosx;
				SWIFT_ACTIVE_COMPILATION_CONDITIONS = DEBUG;
				SWIFT_OPTIMIZATION_LEVEL = "-Onone";
			};
			name = Debug;
		};
		635975B720EA63B500772C86 /* Release */ = {
			isa = XCBuildConfiguration;
			buildSettings = {
				ALWAYS_SEARCH_USER_PATHS = NO;
				CLANG_ANALYZER_NONNULL = YES;
				CLANG_ANALYZER_NUMBER_OBJECT_CONVERSION = YES_AGGRESSIVE;
				CLANG_CXX_LANGUAGE_STANDARD = "gnu++14";
				CLANG_CXX_LIBRARY = "libc++";
				CLANG_ENABLE_MODULES = YES;
				CLANG_ENABLE_OBJC_ARC = YES;
				CLANG_ENABLE_OBJC_WEAK = YES;
				CLANG_WARN_BLOCK_CAPTURE_AUTORELEASING = YES;
				CLANG_WARN_BOOL_CONVERSION = YES;
				CLANG_WARN_COMMA = YES;
				CLANG_WARN_CONSTANT_CONVERSION = YES;
				CLANG_WARN_DEPRECATED_OBJC_IMPLEMENTATIONS = YES;
				CLANG_WARN_DIRECT_OBJC_ISA_USAGE = YES_ERROR;
				CLANG_WARN_DOCUMENTATION_COMMENTS = YES;
				CLANG_WARN_EMPTY_BODY = YES;
				CLANG_WARN_ENUM_CONVERSION = YES;
				CLANG_WARN_INFINITE_RECURSION = YES;
				CLANG_WARN_INT_CONVERSION = YES;
				CLANG_WARN_NON_LITERAL_NULL_CONVERSION = YES;
				CLANG_WARN_OBJC_IMPLICIT_RETAIN_SELF = YES;
				CLANG_WARN_OBJC_LITERAL_CONVERSION = YES;
				CLANG_WARN_OBJC_ROOT_CLASS = YES_ERROR;
				CLANG_WARN_RANGE_LOOP_ANALYSIS = YES;
				CLANG_WARN_STRICT_PROTOTYPES = YES;
				CLANG_WARN_SUSPICIOUS_MOVE = YES;
				CLANG_WARN_UNGUARDED_AVAILABILITY = YES_AGGRESSIVE;
				CLANG_WARN_UNREACHABLE_CODE = YES;
				CLANG_WARN__DUPLICATE_METHOD_MATCH = YES;
				CODE_SIGN_IDENTITY = "-";
				COPY_PHASE_STRIP = NO;
				DEBUG_INFORMATION_FORMAT = "dwarf-with-dsym";
				ENABLE_NS_ASSERTIONS = NO;
				ENABLE_STRICT_OBJC_MSGSEND = YES;
				GCC_C_LANGUAGE_STANDARD = gnu11;
				GCC_NO_COMMON_BLOCKS = YES;
				GCC_WARN_64_TO_32_BIT_CONVERSION = YES;
				GCC_WARN_ABOUT_RETURN_TYPE = YES_ERROR;
				GCC_WARN_UNDECLARED_SELECTOR = YES;
				GCC_WARN_UNINITIALIZED_AUTOS = YES_AGGRESSIVE;
				GCC_WARN_UNUSED_FUNCTION = YES;
				GCC_WARN_UNUSED_VARIABLE = YES;
				MACOSX_DEPLOYMENT_TARGET = 10.13;
				MTL_ENABLE_DEBUG_INFO = NO;
				SDKROOT = macosx;
				SWIFT_COMPILATION_MODE = wholemodule;
				SWIFT_OPTIMIZATION_LEVEL = "-O";
			};
			name = Release;
		};
		635975B920EA63B500772C86 /* Debug */ = {
			isa = XCBuildConfiguration;
			buildSettings = {
				CODE_SIGN_STYLE = Automatic;
				PRODUCT_NAME = "$(TARGET_NAME)";
				SWIFT_VERSION = 4.0;
			};
			name = Debug;
		};
		635975BA20EA63B500772C86 /* Release */ = {
			isa = XCBuildConfiguration;
			buildSettings = {
				CODE_SIGN_STYLE = Automatic;
				PRODUCT_NAME = "$(TARGET_NAME)";
				SWIFT_VERSION = 4.0;
			};
			name = Release;
		};
/* End XCBuildConfiguration section */

/* Begin XCConfigurationList section */
		635975AC20EA63B500772C86 /* Build configuration list for PBXProject "01-Command" */ = {
			isa = XCConfigurationList;
			buildConfigurations = (
				635975B620EA63B500772C86 /* Debug */,
				635975B720EA63B500772C86 /* Release */,
			);
			defaultConfigurationIsVisible = 0;
			defaultConfigurationName = Release;
		};
		635975B820EA63B500772C86 /* Build configuration list for PBXNativeTarget "01-Command" */ = {
			isa = XCConfigurationList;
			buildConfigurations = (
				635975B920EA63B500772C86 /* Debug */,
				635975BA20EA63B500772C86 /* Release */,
			);
			defaultConfigurationIsVisible = 0;
			defaultConfigurationName = Release;
		};
/* End XCConfigurationList section */
	};
	rootObject = 635975A920EA63B500772C86 /* Project object */;
}
